# THIS IS AN AUTOGENERATED FILE. DO NOT EDIT THIS FILE DIRECTLY.
# yarn lockfile v1


"@asamuzakjp/css-color@^3.2.0":
  version "3.2.0"
  resolved "https://registry.npmmirror.com/@asamuzakjp/css-color/-/css-color-3.2.0.tgz#cc42f5b85c593f79f1fa4f25d2b9b321e61d1794"
  dependencies:
    "@csstools/css-calc" "^2.1.3"
    "@csstools/css-color-parser" "^3.0.9"
    "@csstools/css-parser-algorithms" "^3.0.4"
    "@csstools/css-tokenizer" "^3.0.3"
    lru-cache "^10.4.3"

"@csstools/color-helpers@^5.1.0":
  version "5.1.0"
  resolved "https://registry.npmmirror.com/@csstools/color-helpers/-/color-helpers-5.1.0.tgz#106c54c808cabfd1ab4c602d8505ee584c2996ef"

"@csstools/css-calc@^2.1.3", "@csstools/css-calc@^2.1.4":
  version "2.1.4"
  resolved "https://registry.npmmirror.com/@csstools/css-calc/-/css-calc-2.1.4.tgz#8473f63e2fcd6e459838dd412401d5948f224c65"

"@csstools/css-color-parser@^3.0.9":
  version "3.1.0"
  resolved "https://registry.npmmirror.com/@csstools/css-color-parser/-/css-color-parser-3.1.0.tgz#4e386af3a99dd36c46fef013cfe4c1c341eed6f0"
  dependencies:
    "@csstools/color-helpers" "^5.1.0"
    "@csstools/css-calc" "^2.1.4"

"@csstools/css-parser-algorithms@^3.0.4":
  version "3.0.5"
  resolved "https://registry.npmmirror.com/@csstools/css-parser-algorithms/-/css-parser-algorithms-3.0.5.tgz#5755370a9a29abaec5515b43c8b3f2cf9c2e3076"

"@csstools/css-tokenizer@^3.0.3":
  version "3.0.4"
  resolved "https://registry.npmmirror.com/@csstools/css-tokenizer/-/css-tokenizer-3.0.4.tgz#333fedabc3fd1a8e5d0100013731cf19e6a8c5d3"

"@types/trusted-types@^2.0.7":
  version "2.0.7"
  resolved "https://registry.npmmirror.com/@types/trusted-types/-/trusted-types-2.0.7.tgz#baccb07a970b91707df3a3e8ba6896c57ead2d11"

a-sync-waterfall@^1.0.0:
  version "1.0.1"
  resolved "https://r.cnpmjs.org/a-sync-waterfall/download/a-sync-waterfall-1.0.1.tgz#75b6b6aa72598b497a125e7a2770f14f4c8a1fa7"

abbrev@^2.0.0:
  version "2.0.0"
  resolved "https://registry.npmmirror.com/abbrev/-/abbrev-2.0.0.tgz#cf59829b8b4f03f89dda2771cb7f3653828c89bf"

accepts@~1.3.5:
  version "1.3.7"
  resolved "https://r.cnpmjs.org/accepts/download/accepts-1.3.7.tgz#531bc726517a3b2b41f850021c6cc15eaab507cd"
  dependencies:
    mime-types "~2.1.24"
    negotiator "0.6.2"

agent-base@^7.1.0, agent-base@^7.1.2:
  version "7.1.4"
  resolved "https://registry.npmmirror.com/agent-base/-/agent-base-7.1.4.tgz#e3cd76d4c548ee895d3c3fd8dc1f6c5b9032e7a8"

amdefine@>=0.0.4:
  version "1.0.1"
  resolved "https://r.cnpmjs.org/amdefine/download/amdefine-1.0.1.tgz#4a5282ac164729e93619bcfd3ad151f817ce91f5"

ansi-regex@^2.0.0:
  version "2.1.1"
  resolved "https://r.cnpmjs.org/ansi-regex/download/ansi-regex-2.1.1.tgz#c3b33ab5ee360d86e0e628f0468ae7ef27d654df"

ansi-regex@^5.0.1:
  version "5.0.1"
  resolved "https://registry.npmmirror.com/ansi-regex/-/ansi-regex-5.0.1.tgz#082cb2c89c9fe8659a311a53bd6a4dc5301db304"

ansi-styles@^2.2.1:
  version "2.2.1"
  resolved "https://r.cnpmjs.org/ansi-styles/download/ansi-styles-2.2.1.tgz#b432dd3358b634cf75e1e4664368240533c1ddbe"

anymatch@~3.1.2:
  version "3.1.3"
  resolved "https://registry.npmmirror.com/anymatch/-/anymatch-3.1.3.tgz#790c58b19ba1720a84205b57c618d5ad8524973e"
  dependencies:
    normalize-path "^3.0.0"
    picomatch "^2.0.4"

archy@^1.0.0:
  version "1.0.0"
  resolved "https://r.cnpmjs.org/archy/download/archy-1.0.0.tgz#f9c8c13757cc1dd7bc379ac77b2c62a5c2868c40"

argparse@^2.0.1:
  version "2.0.1"
  resolved "https://registry.npmmirror.com/argparse/-/argparse-2.0.1.tgz#246f50f3ca78a3240f6c997e8a9bd1eac49e4b38"

asap@^2.0.3:
  version "2.0.6"
  resolved "https://r.cnpmjs.org/asap/download/asap-2.0.6.tgz#e50347611d7e690943208bbdafebcbc2fb866d46"

asynckit@^0.4.0:
  version "0.4.0"
  resolved "https://registry.npmmirror.com/asynckit/-/asynckit-0.4.0.tgz#c79ed97f7f34cb8f2ba1bc9790bcc366474b4b79"

atob@^2.1.1:
  version "2.1.2"
  resolved "https://r.cnpmjs.org/atob/download/atob-2.1.2.tgz#6d9517eb9e030d2436666651e86bd9f6f13533c9"

balanced-match@^1.0.0:
  version "1.0.0"
  resolved "https://r.cnpmjs.org/balanced-match/download/balanced-match-1.0.0.tgz#89b4d199ab2bee49de164ea02b89ce462d71b767"

basic-auth@~2.0.0:
  version "2.0.1"
  resolved "https://r.cnpmjs.org/basic-auth/download/basic-auth-2.0.1.tgz#b998279bf47ce38344b4f3cf916d4679bbf51e3a"
  dependencies:
    safe-buffer "5.1.2"

binary-extensions@^2.0.0:
  version "2.3.0"
  resolved "https://registry.npmmirror.com/binary-extensions/-/binary-extensions-2.3.0.tgz#f6e14a97858d327252200242d4ccfe522c445522"

bluebird@^3.5.1, bluebird@^3.7.2:
  version "3.7.2"
  resolved "https://registry.npmmirror.com/bluebird/-/bluebird-3.7.2.tgz#9f229c15be272454ffa973ace0dbee79a1b0c36f"

brace-expansion@^1.1.7:
  version "1.1.11"
  resolved "https://r.cnpmjs.org/brace-expansion/download/brace-expansion-1.1.11.tgz#3c7fcbf529d87226f3d2f52b966ff5271eb441dd"
  dependencies:
    balanced-match "^1.0.0"
    concat-map "0.0.1"

braces@^3.0.3, braces@~3.0.2:
  version "3.0.3"
  resolved "https://registry.npmmirror.com/braces/-/braces-3.0.3.tgz#490332f40919452272d55a8480adc0c441358789"
  dependencies:
    fill-range "^7.1.1"

bytes@3.0.0:
  version "3.0.0"
  resolved "https://r.cnpmjs.org/bytes/download/bytes-3.0.0.tgz#d32815404d689699f85a4ea4fa8755dd13a96048"

call-bind-apply-helpers@^1.0.1, call-bind-apply-helpers@^1.0.2:
  version "1.0.2"
  resolved "https://registry.npmmirror.com/call-bind-apply-helpers/-/call-bind-apply-helpers-1.0.2.tgz#4b5428c222be985d79c3d82657479dbe0b59b2d6"
  dependencies:
    es-errors "^1.3.0"
    function-bind "^1.1.2"

camel-case@^4.1.2:
  version "4.1.2"
  resolved "https://registry.npmmirror.com/camel-case/-/camel-case-4.1.2.tgz#9728072a954f805228225a6deea6b38461e1bd5a"
  dependencies:
    pascal-case "^3.1.2"
    tslib "^2.0.3"

chalk@^1.1.3:
  version "1.1.3"
  resolved "https://r.cnpmjs.org/chalk/download/chalk-1.1.3.tgz#a8115c55e4a702fe4d150abd3872822a7e09fc98"
  dependencies:
    ansi-styles "^2.2.1"
    escape-string-regexp "^1.0.2"
    has-ansi "^2.0.0"
    strip-ansi "^3.0.0"
    supports-color "^2.0.0"

chokidar@^3.5.3:
  version "3.6.0"
  resolved "https://registry.npmmirror.com/chokidar/-/chokidar-3.6.0.tgz#197c6cc669ef2a8dc5e7b4d97ee4e092c3eb0d5b"
  dependencies:
    anymatch "~3.1.2"
    braces "~3.0.2"
    glob-parent "~5.1.2"
    is-binary-path "~2.1.0"
    is-glob "~4.0.1"
    normalize-path "~3.0.0"
    readdirp "~3.6.0"
  optionalDependencies:
    fsevents "~2.3.2"

combined-stream@^1.0.8:
  version "1.0.8"
  resolved "https://registry.npmmirror.com/combined-stream/-/combined-stream-1.0.8.tgz#c3d45a8b34fd730631a110a8a2520682b31d5a7f"
  dependencies:
    delayed-stream "~1.0.0"

command-exists@^1.2.9:
  version "1.2.9"
  resolved "https://registry.npmmirror.com/command-exists/-/command-exists-1.2.9.tgz#c50725af3808c8ab0260fd60b01fbfa25b954f69"

commander@^5.1.0:
  version "5.1.0"
  resolved "https://registry.npmmirror.com/commander/-/commander-5.1.0.tgz#46abbd1652f8e059bddaef99bbdcb2ad9cf179ae"

compressible@~2.0.16:
  version "2.0.17"
  resolved "https://r.cnpmjs.org/compressible/download/compressible-2.0.17.tgz#6e8c108a16ad58384a977f3a482ca20bff2f38c1"
  dependencies:
    mime-db ">= 1.40.0 < 2"

compression@^1.7.3:
  version "1.7.4"
  resolved "https://r.cnpmjs.org/compression/download/compression-1.7.4.tgz#95523eff170ca57c29a0ca41e6fe131f41e5bb8f"
  dependencies:
    accepts "~1.3.5"
    bytes "3.0.0"
    compressible "~2.0.16"
    debug "2.6.9"
    on-headers "~1.0.2"
    safe-buffer "5.1.2"
    vary "~1.1.2"

concat-map@0.0.1:
  version "0.0.1"
  resolved "https://r.cnpmjs.org/concat-map/download/concat-map-0.0.1.tgz#d8a96bd77fd68df7793a73036a3ba0d5405d477b"

connect@^3.6.6:
  version "3.7.0"
  resolved "https://r.cnpmjs.org/connect/download/connect-3.7.0.tgz#5d49348910caa5e07a01800b030d0c35f20484f8"
  dependencies:
    debug "2.6.9"
    finalhandler "1.1.2"
    parseurl "~1.3.3"
    utils-merge "1.0.1"

cross-spawn@^7.0.3:
  version "7.0.6"
  resolved "https://registry.npmmirror.com/cross-spawn/-/cross-spawn-7.0.6.tgz#8a58fe78f00dcd70c370451759dfbfaf03e8ee9f"
  dependencies:
    path-key "^3.1.0"
    shebang-command "^2.0.0"
    which "^2.0.1"

css-parse@1.7.x:
  version "1.7.0"
  resolved "https://r.cnpmjs.org/css-parse/download/css-parse-1.7.0.tgz#321f6cf73782a6ff751111390fc05e2c657d8c9b"

css-parse@~2.0.0:
  version "2.0.0"
  resolved "https://r.cnpmjs.org/css-parse/download/css-parse-2.0.0.tgz#a468ee667c16d81ccf05c58c38d2a97c780dbfd4"
  dependencies:
    css "^2.0.0"

css@^2.0.0:
  version "2.2.4"
  resolved "https://r.cnpmjs.org/css/download/css-2.2.4.tgz#c646755c73971f2bba6a601e2cf2fd71b1298929"
  dependencies:
    inherits "^2.0.3"
    source-map "^0.6.1"
    source-map-resolve "^0.5.2"
    urix "^0.1.0"

cssstyle@^4.1.0:
  version "4.6.0"
  resolved "https://registry.npmmirror.com/cssstyle/-/cssstyle-4.6.0.tgz#ea18007024e3167f4f105315f3ec2d982bf48ed9"
  dependencies:
    "@asamuzakjp/css-color" "^3.2.0"
    rrweb-cssom "^0.8.0"

cuid@^2.1.8:
  version "2.1.8"
  resolved "https://registry.npmmirror.com/cuid/-/cuid-2.1.8.tgz#cbb88f954171e0d5747606c0139fb65c5101eac0"

data-urls@^5.0.0:
  version "5.0.0"
  resolved "https://registry.npmmirror.com/data-urls/-/data-urls-5.0.0.tgz#2f76906bce1824429ffecb6920f45a0b30f00dde"
  dependencies:
    whatwg-mimetype "^4.0.0"
    whatwg-url "^14.0.0"

debug@*:
  version "4.1.1"
  resolved "https://r.cnpmjs.org/debug/download/debug-4.1.1.tgz#3b72260255109c6b589cee050f1d516139664791"
  dependencies:
    ms "^2.1.1"

debug@2.6.9:
  version "2.6.9"
  resolved "https://r.cnpmjs.org/debug/download/debug-2.6.9.tgz#5d128515df134ff327e90a4c93f4e077a536341f"
  dependencies:
    ms "2.0.0"

debug@4, debug@^4.3.4:
  version "4.4.1"
  resolved "https://registry.npmmirror.com/debug/-/debug-4.4.1.tgz#e5a8bc6cbc4c6cd3e64308b0693a3d4fa550189b"
  dependencies:
    ms "^2.1.3"

debug@~3.1.0:
  version "3.1.0"
  resolved "https://r.cnpmjs.org/debug/download/debug-3.1.0.tgz#5bb5a0672628b64149566ba16819e61518c67261"
  dependencies:
    ms "2.0.0"

decimal.js@^10.4.3:
  version "10.6.0"
  resolved "https://registry.npmmirror.com/decimal.js/-/decimal.js-10.6.0.tgz#e649a43e3ab953a72192ff5983865e509f37ed9a"

decode-uri-component@^0.2.0:
  version "0.2.0"
  resolved "https://r.cnpmjs.org/decode-uri-component/download/decode-uri-component-0.2.0.tgz#eb3913333458775cb84cd1a1fae062106bb87545"

deepmerge@^4.2.2:
  version "4.3.1"
  resolved "https://registry.npmmirror.com/deepmerge/-/deepmerge-4.3.1.tgz#44b5f2147cd3b00d4b56137685966f26fd25dd4a"

delayed-stream@~1.0.0:
  version "1.0.0"
  resolved "https://registry.npmmirror.com/delayed-stream/-/delayed-stream-1.0.0.tgz#df3ae199acadfb7d440aaae0b29e2272b24ec619"

depd@~1.1.2:
  version "1.1.2"
  resolved "https://r.cnpmjs.org/depd/download/depd-1.1.2.tgz#9bcd52e14c097763e749b274c4346ed2e560b5a9"

destroy@~1.0.4:
  version "1.0.4"
  resolved "https://r.cnpmjs.org/destroy/download/destroy-1.0.4.tgz#978857442c44749e4206613e37946205826abd80"

dom-serializer@^2.0.0:
  version "2.0.0"
  resolved "https://registry.npmmirror.com/dom-serializer/-/dom-serializer-2.0.0.tgz#e41b802e1eedf9f6cae183ce5e622d789d7d8e53"
  dependencies:
    domelementtype "^2.3.0"
    domhandler "^5.0.2"
    entities "^4.2.0"

domelementtype@^2.3.0:
  version "2.3.0"
  resolved "https://registry.npmmirror.com/domelementtype/-/domelementtype-2.3.0.tgz#5c45e8e869952626331d7aab326d01daf65d589d"

domhandler@^5.0.2, domhandler@^5.0.3:
  version "5.0.3"
  resolved "https://registry.npmmirror.com/domhandler/-/domhandler-5.0.3.tgz#cc385f7f751f1d1fc650c21374804254538c7d31"
  dependencies:
    domelementtype "^2.3.0"

dompurify@^3.0.3:
  version "3.2.6"
  resolved "https://registry.npmmirror.com/dompurify/-/dompurify-3.2.6.tgz#ca040a6ad2b88e2a92dc45f38c79f84a714a1cad"
  optionalDependencies:
    "@types/trusted-types" "^2.0.7"

domutils@^3.1.0:
  version "3.2.2"
  resolved "https://registry.npmmirror.com/domutils/-/domutils-3.2.2.tgz#edbfe2b668b0c1d97c24baf0f1062b132221bc78"
  dependencies:
    dom-serializer "^2.0.0"
    domelementtype "^2.3.0"
    domhandler "^5.0.3"

dunder-proto@^1.0.1:
  version "1.0.1"
  resolved "https://registry.npmmirror.com/dunder-proto/-/dunder-proto-1.0.1.tgz#d7ae667e1dc83482f8b70fd0f6eefc50da30f58a"
  dependencies:
    call-bind-apply-helpers "^1.0.1"
    es-errors "^1.3.0"
    gopd "^1.2.0"

ee-first@1.1.1:
  version "1.1.1"
  resolved "https://r.cnpmjs.org/ee-first/download/ee-first-1.1.1.tgz#590c61156b0ae2f4f0255732a158b266bc56b21d"

ejs@^2.3.4:
  version "2.7.1"
  resolved "https://r.cnpmjs.org/ejs/download/ejs-2.7.1.tgz#5b5ab57f718b79d4aca9254457afecd36fa80228"

encodeurl@~1.0.2:
  version "1.0.2"
  resolved "https://r.cnpmjs.org/encodeurl/download/encodeurl-1.0.2.tgz#ad3ff4c86ec2d029322f5a02c3a9a606c95b3f59"

entities@^4.2.0, entities@^4.5.0:
  version "4.5.0"
  resolved "https://registry.npmmirror.com/entities/-/entities-4.5.0.tgz#5d268ea5e7113ec74c4d033b79ea5a35a488fb48"

entities@^6.0.0:
  version "6.0.1"
  resolved "https://registry.npmmirror.com/entities/-/entities-6.0.1.tgz#c28c34a43379ca7f61d074130b2f5f7020a30694"

es-define-property@^1.0.1:
  version "1.0.1"
  resolved "https://registry.npmmirror.com/es-define-property/-/es-define-property-1.0.1.tgz#983eb2f9a6724e9303f61addf011c72e09e0b0fa"

es-errors@^1.3.0:
  version "1.3.0"
  resolved "https://registry.npmmirror.com/es-errors/-/es-errors-1.3.0.tgz#05f75a25dab98e4fb1dcd5e1472c0546d5057c8f"

es-object-atoms@^1.0.0, es-object-atoms@^1.1.1:
  version "1.1.1"
  resolved "https://registry.npmmirror.com/es-object-atoms/-/es-object-atoms-1.1.1.tgz#1c4f2c4837327597ce69d2ca190a7fdd172338c1"
  dependencies:
    es-errors "^1.3.0"

es-set-tostringtag@^2.1.0:
  version "2.1.0"
  resolved "https://registry.npmmirror.com/es-set-tostringtag/-/es-set-tostringtag-2.1.0.tgz#f31dbbe0c183b00a6d26eb6325c810c0fd18bd4d"
  dependencies:
    es-errors "^1.3.0"
    get-intrinsic "^1.2.6"
    has-tostringtag "^1.0.2"
    hasown "^2.0.2"

escape-html@~1.0.3:
  version "1.0.3"
  resolved "https://r.cnpmjs.org/escape-html/download/escape-html-1.0.3.tgz#0258eae4d3d0c0974de1c169188ef0051d1d1988"

escape-string-regexp@^1.0.2:
  version "1.0.5"
  resolved "https://r.cnpmjs.org/escape-string-regexp/download/escape-string-regexp-1.0.5.tgz#1b61c0562190a8dff6ae3bb2cf0200ca130b86d4"

esprima@^4.0.1:
  version "4.0.1"
  resolved "https://registry.npmmirror.com/esprima/-/esprima-4.0.1.tgz#13b04cdb3e6c5d19df91ab6987a8695619b0aa71"

etag@~1.8.1:
  version "1.8.1"
  resolved "https://r.cnpmjs.org/etag/download/etag-1.8.1.tgz#41ae2eeb65efa62268aebfea83ac7d79299b0887"

fast-equals@^3.0.1:
  version "3.0.3"
  resolved "https://registry.npmmirror.com/fast-equals/-/fast-equals-3.0.3.tgz#8e6cb4e51ca1018d87dd41982ef92758b3e4197f"

fill-range@^7.1.1:
  version "7.1.1"
  resolved "https://registry.npmmirror.com/fill-range/-/fill-range-7.1.1.tgz#44265d3cac07e3ea7dc247516380643754a05292"
  dependencies:
    to-regex-range "^5.0.1"

finalhandler@1.1.2:
  version "1.1.2"
  resolved "https://r.cnpmjs.org/finalhandler/download/finalhandler-1.1.2.tgz#b7e7d000ffd11938d0fdb053506f6ebabe9f587d"
  dependencies:
    debug "2.6.9"
    encodeurl "~1.0.2"
    escape-html "~1.0.3"
    on-finished "~2.3.0"
    parseurl "~1.3.3"
    statuses "~1.5.0"
    unpipe "~1.0.0"

form-data@^4.0.0:
  version "4.0.4"
  resolved "https://registry.npmmirror.com/form-data/-/form-data-4.0.4.tgz#784cdcce0669a9d68e94d11ac4eea98088edd2c4"
  dependencies:
    asynckit "^0.4.0"
    combined-stream "^1.0.8"
    es-set-tostringtag "^2.1.0"
    hasown "^2.0.2"
    mime-types "^2.1.12"

fresh@0.5.2:
  version "0.5.2"
  resolved "https://r.cnpmjs.org/fresh/download/fresh-0.5.2.tgz#3d8cadd90d976569fa835ab1f8e4b23a105605a7"

fs.realpath@^1.0.0:
  version "1.0.0"
  resolved "https://r.cnpmjs.org/fs.realpath/download/fs.realpath-1.0.0.tgz#1504ad2523158caa40db4a2787cb01411994ea4f"

fsevents@~2.3.2:
  version "2.3.3"
  resolved "https://registry.npmmirror.com/fsevents/-/fsevents-2.3.3.tgz#cac6407785d03675a2a5e1a5305c697b347d90d6"

function-bind@^1.1.2:
  version "1.1.2"
  resolved "https://registry.npmmirror.com/function-bind/-/function-bind-1.1.2.tgz#2c02d864d97f3ea6c8830c464cbd11ab6eab7a1c"

get-intrinsic@^1.2.6:
  version "1.3.0"
  resolved "https://registry.npmmirror.com/get-intrinsic/-/get-intrinsic-1.3.0.tgz#743f0e3b6964a93a5491ed1bffaae054d7f98d01"
  dependencies:
    call-bind-apply-helpers "^1.0.2"
    es-define-property "^1.0.1"
    es-errors "^1.3.0"
    es-object-atoms "^1.1.1"
    function-bind "^1.1.2"
    get-proto "^1.0.1"
    gopd "^1.2.0"
    has-symbols "^1.1.0"
    hasown "^2.0.2"
    math-intrinsics "^1.1.0"

get-proto@^1.0.1:
  version "1.0.1"
  resolved "https://registry.npmmirror.com/get-proto/-/get-proto-1.0.1.tgz#150b3f2743869ef3e851ec0c49d15b1d14d00ee1"
  dependencies:
    dunder-proto "^1.0.1"
    es-object-atoms "^1.0.0"

glob-parent@~5.1.2:
  version "5.1.2"
  resolved "https://registry.npmmirror.com/glob-parent/-/glob-parent-5.1.2.tgz#869832c58034fe68a4093c17dc15e8340d8401c4"
  dependencies:
    is-glob "^4.0.1"

glob@7.0.x:
  version "7.0.6"
  resolved "https://r.cnpmjs.org/glob/download/glob-7.0.6.tgz#211bafaf49e525b8cd93260d14ab136152b3f57a"
  dependencies:
    fs.realpath "^1.0.0"
    inflight "^1.0.4"
    inherits "2"
    minimatch "^3.0.2"
    once "^1.3.0"
    path-is-absolute "^1.0.0"

glob@^7.1.3:
  version "7.1.4"
  resolved "https://r.cnpmjs.org/glob/download/glob-7.1.4.tgz#aa608a2f6c577ad357e1ae5a5c26d9a8d1969255"
  dependencies:
    fs.realpath "^1.0.0"
    inflight "^1.0.4"
    inherits "2"
    minimatch "^3.0.4"
    once "^1.3.0"
    path-is-absolute "^1.0.0"

gopd@^1.2.0:
  version "1.2.0"
  resolved "https://registry.npmmirror.com/gopd/-/gopd-1.2.0.tgz#89f56b8217bdbc8802bd299df6d7f1081d7e51a1"

graceful-fs@^4.2.10:
  version "4.2.11"
  resolved "https://registry.npmmirror.com/graceful-fs/-/graceful-fs-4.2.11.tgz#4183e4e8bf08bb6e05bbb2f7d2e0c8f712ca40e3"

has-ansi@^2.0.0:
  version "2.0.0"
  resolved "https://r.cnpmjs.org/has-ansi/download/has-ansi-2.0.0.tgz#34f5049ce1ecdf2b0649af3ef24e45ed35416d91"
  dependencies:
    ansi-regex "^2.0.0"

has-symbols@^1.0.3, has-symbols@^1.1.0:
  version "1.1.0"
  resolved "https://registry.npmmirror.com/has-symbols/-/has-symbols-1.1.0.tgz#fc9c6a783a084951d0b971fe1018de813707a338"

has-tostringtag@^1.0.2:
  version "1.0.2"
  resolved "https://registry.npmmirror.com/has-tostringtag/-/has-tostringtag-1.0.2.tgz#2cdc42d40bef2e5b4eeab7c01a73c54ce7ab5abc"
  dependencies:
    has-symbols "^1.0.3"

hasown@^2.0.2:
  version "2.0.2"
  resolved "https://registry.npmmirror.com/hasown/-/hasown-2.0.2.tgz#003eaf91be7adc372e84ec59dc37252cedb80003"
  dependencies:
    function-bind "^1.1.2"

hexo-cli@^4.3.2:
  version "4.3.2"
  resolved "https://registry.npmmirror.com/hexo-cli/-/hexo-cli-4.3.2.tgz#7e7d02da137d9fa461a4356964793c56e92b29e6"
  dependencies:
    abbrev "^2.0.0"
    bluebird "^3.7.2"
    command-exists "^1.2.9"
    hexo-fs "^4.1.1"
    hexo-log "^4.0.1"
    hexo-util "^3.3.0"
    minimist "^1.2.5"
    picocolors "^1.0.0"
    resolve "^1.20.0"
    tildify "^2.0.0"

hexo-front-matter@^4.2.1:
  version "4.2.1"
  resolved "https://registry.npmmirror.com/hexo-front-matter/-/hexo-front-matter-4.2.1.tgz#c28ee74f66ab76c98fa73877b5ff7a9cc14161cc"
  dependencies:
    js-yaml "^4.1.0"

hexo-fs@^4.1.1, hexo-fs@^4.1.3:
  version "4.1.3"
  resolved "https://registry.npmmirror.com/hexo-fs/-/hexo-fs-4.1.3.tgz#c64c66e230dad4ec08ca21244327aa0aba69218a"
  dependencies:
    bluebird "^3.7.2"
    chokidar "^3.5.3"
    graceful-fs "^4.2.10"
    hexo-util "^3.0.1"

hexo-generator-archive@^0.1.5:
  version "0.1.5"
  resolved "https://r.cnpmjs.org/hexo-generator-archive/download/hexo-generator-archive-0.1.5.tgz#a979214cdddee2693e0551809c294bedadbb69b3"
  dependencies:
    hexo-pagination "0.0.2"
    object-assign "^2.0.0"

hexo-generator-category@^0.1.3:
  version "0.1.3"
  resolved "https://r.cnpmjs.org/hexo-generator-category/download/hexo-generator-category-0.1.3.tgz#b9e6a5862530a83bdd7da4c819c1b9f3e4ccb4b2"
  dependencies:
    hexo-pagination "0.0.2"
    object-assign "^2.0.0"

hexo-generator-feed@^1.1.0:
  version "1.2.2"
  resolved "https://r.cnpmjs.org/hexo-generator-feed/download/hexo-generator-feed-1.2.2.tgz#9516d1596509b157f4d044fb49b2bae398b82ba7"
  dependencies:
    nunjucks "^3.0.0"
    object-assign "^4.1.1"

hexo-generator-index@^0.2.1:
  version "0.2.1"
  resolved "https://r.cnpmjs.org/hexo-generator-index/download/hexo-generator-index-0.2.1.tgz#9042229fcac79aaf700575da19332bf3f7ee5c5d"
  dependencies:
    hexo-pagination "0.0.2"
    object-assign "^4.0.1"

hexo-generator-tag@^0.2.0:
  version "0.2.0"
  resolved "https://r.cnpmjs.org/hexo-generator-tag/download/hexo-generator-tag-0.2.0.tgz#c5715846bb41e57d9c20c1d66d7db21a1abf7a62"
  dependencies:
    hexo-pagination "0.0.2"
    object-assign "^4.0.1"

hexo-i18n@^2.0.0:
  version "2.0.0"
  resolved "https://registry.npmmirror.com/hexo-i18n/-/hexo-i18n-2.0.0.tgz#ec7abc160ffef202524f3ff8076b85d5701c447b"
  dependencies:
    sprintf-js "^1.1.2"

hexo-log@^4.0.1:
  version "4.1.0"
  resolved "https://registry.npmmirror.com/hexo-log/-/hexo-log-4.1.0.tgz#54b42c250335067b5c60b4137f501607454efda0"
  dependencies:
    picocolors "^1.0.0"

hexo-pagination@0.0.2:
  version "0.0.2"
  resolved "https://r.cnpmjs.org/hexo-pagination/download/hexo-pagination-0.0.2.tgz#8cf470c7db0de5b18a3926a76deb194015df7f2b"
  dependencies:
    utils-merge "^1.0.0"

hexo-renderer-ejs@^0.3.1:
  version "0.3.1"
  resolved "https://r.cnpmjs.org/hexo-renderer-ejs/download/hexo-renderer-ejs-0.3.1.tgz#c0c1a3757532d47e5b7d9dc908b5dfd98c94be2c"
  dependencies:
    ejs "^2.3.4"
    object-assign "^4.0.1"

hexo-renderer-marked@^7.0.1:
  version "7.0.1"
  resolved "https://registry.npmmirror.com/hexo-renderer-marked/-/hexo-renderer-marked-7.0.1.tgz#c3a296187e45d3943011a38ec74b3039118d659a"
  dependencies:
    dompurify "^3.0.3"
    hexo-util "^3.1.0"
    jsdom "^25.0.1"
    marked "^15.0.4"

hexo-renderer-stylus@^0.3.3:
  version "0.3.3"
  resolved "https://r.cnpmjs.org/hexo-renderer-stylus/download/hexo-renderer-stylus-0.3.3.tgz#c54ea27e1fd8e3c8a9a7a84cfba8ad354122ca7f"
  dependencies:
    nib "^1.1.2"
    stylus "^0.54.5"

hexo-search@^1.0.4:
  version "1.0.4"
  resolved "https://r.cnpmjs.org/hexo-search/download/hexo-search-1.0.4.tgz#513ba27412abf2a03074cdf7e8d2a51c9bcb77b5"
  dependencies:
    utils-merge "^1.0.0"

hexo-server@^0.3.1:
  version "0.3.3"
  resolved "https://r.cnpmjs.org/hexo-server/download/hexo-server-0.3.3.tgz#b86712974920bfcc3057debbdb35dd1be6c30080"
  dependencies:
    bluebird "^3.5.1"
    chalk "^1.1.3"
    compression "^1.7.3"
    connect "^3.6.6"
    mime "^1.6.0"
    morgan "^1.9.0"
    object-assign "^4.1.1"
    opn "^5.3.0"
    serve-static "^1.13.2"

hexo-tag-cloudmusic@^1.2.3:
  version "1.2.3"
  resolved "https://r.cnpmjs.org/hexo-tag-cloudmusic/download/hexo-tag-cloudmusic-1.2.3.tgz#38be576064d378345d0038885310c2437d191692"

hexo-util@^3.0.1, hexo-util@^3.1.0, hexo-util@^3.3.0:
  version "3.3.0"
  resolved "https://registry.npmmirror.com/hexo-util/-/hexo-util-3.3.0.tgz#448927fb22e167f2159306666cc2c7e82c777513"
  dependencies:
    camel-case "^4.1.2"
    cross-spawn "^7.0.3"
    deepmerge "^4.2.2"
    highlight.js "^11.6.0"
    htmlparser2 "^9.0.0"
    prismjs "^1.29.0"
    strip-indent "^3.0.0"

hexo-wordcount@^6.0.1:
  version "6.0.1"
  resolved "https://r.cnpmjs.org/hexo-wordcount/download/hexo-wordcount-6.0.1.tgz#5a60efc9d3c8e421956f2fd6683ca94a8a795264"

hexo@^7.3.0:
  version "7.3.0"
  resolved "https://registry.npmmirror.com/hexo/-/hexo-7.3.0.tgz#a9a487874c5ed71c22e91e32dd5d825709a1474f"
  dependencies:
    abbrev "^2.0.0"
    archy "^1.0.0"
    bluebird "^3.7.2"
    hexo-cli "^4.3.2"
    hexo-front-matter "^4.2.1"
    hexo-fs "^4.1.3"
    hexo-i18n "^2.0.0"
    hexo-log "^4.0.1"
    hexo-util "^3.3.0"
    js-yaml "^4.1.0"
    js-yaml-js-types "^1.0.0"
    micromatch "^4.0.4"
    moize "^6.1.6"
    moment "^2.29.1"
    moment-timezone "^0.5.34"
    nunjucks "^3.2.3"
    picocolors "^1.0.0"
    pretty-hrtime "^1.0.3"
    resolve "^1.22.0"
    strip-ansi "^6.0.0"
    text-table "^0.2.0"
    tildify "^2.0.0"
    titlecase "^1.1.3"
    warehouse "^5.0.1"

highlight.js@^11.6.0:
  version "11.11.1"
  resolved "https://registry.npmmirror.com/highlight.js/-/highlight.js-11.11.1.tgz#fca06fa0e5aeecf6c4d437239135fabc15213585"

html-encoding-sniffer@^4.0.0:
  version "4.0.0"
  resolved "https://registry.npmmirror.com/html-encoding-sniffer/-/html-encoding-sniffer-4.0.0.tgz#696df529a7cfd82446369dc5193e590a3735b448"
  dependencies:
    whatwg-encoding "^3.1.1"

htmlparser2@^9.0.0:
  version "9.1.0"
  resolved "https://registry.npmmirror.com/htmlparser2/-/htmlparser2-9.1.0.tgz#cdb498d8a75a51f739b61d3f718136c369bc8c23"
  dependencies:
    domelementtype "^2.3.0"
    domhandler "^5.0.3"
    domutils "^3.1.0"
    entities "^4.5.0"

http-errors@~1.7.2:
  version "1.7.3"
  resolved "https://r.cnpmjs.org/http-errors/download/http-errors-1.7.3.tgz#6c619e4f9c60308c38519498c14fbb10aacebb06"
  dependencies:
    depd "~1.1.2"
    inherits "2.0.4"
    setprototypeof "1.1.1"
    statuses ">= 1.5.0 < 2"
    toidentifier "1.0.0"

http-proxy-agent@^7.0.2:
  version "7.0.2"
  resolved "https://registry.npmmirror.com/http-proxy-agent/-/http-proxy-agent-7.0.2.tgz#9a8b1f246866c028509486585f62b8f2c18c270e"
  dependencies:
    agent-base "^7.1.0"
    debug "^4.3.4"

https-proxy-agent@^7.0.5:
  version "7.0.6"
  resolved "https://registry.npmmirror.com/https-proxy-agent/-/https-proxy-agent-7.0.6.tgz#da8dfeac7da130b05c2ba4b59c9b6cd66611a6b9"
  dependencies:
    agent-base "^7.1.2"
    debug "4"

iconv-lite@0.6.3:
  version "0.6.3"
  resolved "https://registry.npmmirror.com/iconv-lite/-/iconv-lite-0.6.3.tgz#a52f80bf38da1952eb5c681790719871a1a72501"
  dependencies:
    safer-buffer ">= 2.1.2 < 3.0.0"

inflight@^1.0.4:
  version "1.0.6"
  resolved "https://r.cnpmjs.org/inflight/download/inflight-1.0.6.tgz#49bd6331d7d02d0c09bc910a1075ba8165b56df9"
  dependencies:
    once "^1.3.0"
    wrappy "1"

inherits@2, inherits@2.0.4, inherits@^2.0.3:
  version "2.0.4"
  resolved "https://r.cnpmjs.org/inherits/download/inherits-2.0.4.tgz#0fa2c64f932917c3433a0ded55363aae37416b7c"

is-binary-path@~2.1.0:
  version "2.1.0"
  resolved "https://registry.npmmirror.com/is-binary-path/-/is-binary-path-2.1.0.tgz#ea1f7f3b80f064236e83470f86c09c254fb45b09"
  dependencies:
    binary-extensions "^2.0.0"

is-core-module@^2.16.0:
  version "2.16.1"
  resolved "https://registry.npmmirror.com/is-core-module/-/is-core-module-2.16.1.tgz#2a98801a849f43e2add644fbb6bc6229b19a4ef4"
  dependencies:
    hasown "^2.0.2"

is-extglob@^2.1.1:
  version "2.1.1"
  resolved "https://r.cnpmjs.org/is-extglob/download/is-extglob-2.1.1.tgz#a88c02535791f02ed37c76a1b9ea9773c833f8c2"

is-glob@^4.0.1, is-glob@~4.0.1:
  version "4.0.3"
  resolved "https://registry.npmmirror.com/is-glob/-/is-glob-4.0.3.tgz#64f61e42cbbb2eec2071a9dac0b28ba1e65d5084"
  dependencies:
    is-extglob "^2.1.1"

is-number@^7.0.0:
  version "7.0.0"
  resolved "https://registry.npmmirror.com/is-number/-/is-number-7.0.0.tgz#7535345b896734d5f80c4d06c50955527a14f12b"

is-plain-object@^5.0.0:
  version "5.0.0"
  resolved "https://registry.npmmirror.com/is-plain-object/-/is-plain-object-5.0.0.tgz#4427f50ab3429e9025ea7d52e9043a9ef4159344"

is-potential-custom-element-name@^1.0.1:
  version "1.0.1"
  resolved "https://registry.npmmirror.com/is-potential-custom-element-name/-/is-potential-custom-element-name-1.0.1.tgz#171ed6f19e3ac554394edf78caa05784a45bebb5"

is-wsl@^1.1.0:
  version "1.1.0"
  resolved "https://r.cnpmjs.org/is-wsl/download/is-wsl-1.1.0.tgz#1f16e4aa22b04d1336b66188a66af3c600c3a66d"

isexe@^2.0.0:
  version "2.0.0"
  resolved "https://r.cnpmjs.org/isexe/download/isexe-2.0.0.tgz#e8fbf374dc556ff8947a10dcb0572d633f2cfa10"

js-yaml-js-types@^1.0.0:
  version "1.0.1"
  resolved "https://registry.npmmirror.com/js-yaml-js-types/-/js-yaml-js-types-1.0.1.tgz#fa57135b99d67b3612718426af2d9b314e5c6808"
  dependencies:
    esprima "^4.0.1"

js-yaml@^4.1.0:
  version "4.1.0"
  resolved "https://registry.npmmirror.com/js-yaml/-/js-yaml-4.1.0.tgz#c1fb65f8f5017901cdd2c951864ba18458a10602"
  dependencies:
    argparse "^2.0.1"

jsdom@^25.0.1:
  version "25.0.1"
  resolved "https://registry.npmmirror.com/jsdom/-/jsdom-25.0.1.tgz#536ec685c288fc8a5773a65f82d8b44badcc73ef"
  dependencies:
    cssstyle "^4.1.0"
    data-urls "^5.0.0"
    decimal.js "^10.4.3"
    form-data "^4.0.0"
    html-encoding-sniffer "^4.0.0"
    http-proxy-agent "^7.0.2"
    https-proxy-agent "^7.0.5"
    is-potential-custom-element-name "^1.0.1"
    nwsapi "^2.2.12"
    parse5 "^7.1.2"
    rrweb-cssom "^0.7.1"
    saxes "^6.0.0"
    symbol-tree "^3.2.4"
    tough-cookie "^5.0.0"
    w3c-xmlserializer "^5.0.0"
    webidl-conversions "^7.0.0"
    whatwg-encoding "^3.1.1"
    whatwg-mimetype "^4.0.0"
    whatwg-url "^14.0.0"
    ws "^8.18.0"
    xml-name-validator "^5.0.0"

jsonparse@^1.3.1:
  version "1.3.1"
  resolved "https://registry.npmmirror.com/jsonparse/-/jsonparse-1.3.1.tgz#3f4dae4a91fac315f71062f8521cc239f1366280"

lower-case@^2.0.2:
  version "2.0.2"
  resolved "https://registry.npmmirror.com/lower-case/-/lower-case-2.0.2.tgz#6fa237c63dbdc4a82ca0fd882e4722dc5e634e28"
  dependencies:
    tslib "^2.0.3"

lru-cache@^10.4.3:
  version "10.4.3"
  resolved "https://registry.npmmirror.com/lru-cache/-/lru-cache-10.4.3.tgz#410fc8a17b70e598013df257c2446b7f3383f119"

marked@^15.0.4:
  version "15.0.12"
  resolved "https://registry.npmmirror.com/marked/-/marked-15.0.12.tgz#30722c7346e12d0a2d0207ab9b0c4f0102d86c4e"

math-intrinsics@^1.1.0:
  version "1.1.0"
  resolved "https://registry.npmmirror.com/math-intrinsics/-/math-intrinsics-1.1.0.tgz#a0dd74be81e2aa5c2f27e65ce283605ee4e2b7f9"

micro-memoize@^4.1.2:
  version "4.1.3"
  resolved "https://registry.npmmirror.com/micro-memoize/-/micro-memoize-4.1.3.tgz#17d5df0702acf575503cbf09df90fe691c12825f"

micromatch@^4.0.4:
  version "4.0.8"
  resolved "https://registry.npmmirror.com/micromatch/-/micromatch-4.0.8.tgz#d66fa18f3a47076789320b9b1af32bd86d9fa202"
  dependencies:
    braces "^3.0.3"
    picomatch "^2.3.1"

mime-db@1.40.0:
  version "1.40.0"
  resolved "https://r.cnpmjs.org/mime-db/download/mime-db-1.40.0.tgz#a65057e998db090f732a68f6c276d387d4126c32"

mime-db@1.52.0:
  version "1.52.0"
  resolved "https://registry.npmmirror.com/mime-db/-/mime-db-1.52.0.tgz#bbabcdc02859f4987301c856e3387ce5ec43bf70"

"mime-db@>= 1.40.0 < 2":
  version "1.42.0"
  resolved "https://r.cnpmjs.org/mime-db/download/mime-db-1.42.0.tgz#3e252907b4c7adb906597b4b65636272cf9e7bac"

mime-types@^2.1.12:
  version "2.1.35"
  resolved "https://registry.npmmirror.com/mime-types/-/mime-types-2.1.35.tgz#381a871b62a734450660ae3deee44813f70d959a"
  dependencies:
    mime-db "1.52.0"

mime-types@~2.1.24:
  version "2.1.24"
  resolved "https://r.cnpmjs.org/mime-types/download/mime-types-2.1.24.tgz#b6f8d0b3e951efb77dedeca194cff6d16f676f81"
  dependencies:
    mime-db "1.40.0"

mime@1.6.0, mime@^1.6.0:
  version "1.6.0"
  resolved "https://r.cnpmjs.org/mime/download/mime-1.6.0.tgz#32cd9e5c64553bd58d19a568af452acff04981b1"

min-indent@^1.0.0:
  version "1.0.1"
  resolved "https://registry.npmmirror.com/min-indent/-/min-indent-1.0.1.tgz#a63f681673b30571fbe8bc25686ae746eefa9869"

minimatch@^3.0.2, minimatch@^3.0.4:
  version "3.0.4"
  resolved "https://r.cnpmjs.org/minimatch/download/minimatch-3.0.4.tgz#5166e286457f03306064be5497e8dbb0c3d32083"
  dependencies:
    brace-expansion "^1.1.7"

minimist@0.0.8:
  version "0.0.8"
  resolved "https://r.cnpmjs.org/minimist/download/minimist-0.0.8.tgz#857fcabfc3397d2625b8228262e86aa7a011b05d"

minimist@^1.2.5:
  version "1.2.8"
  resolved "https://registry.npmmirror.com/minimist/-/minimist-1.2.8.tgz#c1a464e7693302e082a075cee0c057741ac4772c"

mkdirp@0.5.x, mkdirp@~0.5.x:
  version "0.5.1"
  resolved "https://r.cnpmjs.org/mkdirp/download/mkdirp-0.5.1.tgz#30057438eac6cf7f8c4767f38648d6697d75c903"
  dependencies:
    minimist "0.0.8"

moize@^6.1.6:
  version "6.1.6"
  resolved "https://registry.npmmirror.com/moize/-/moize-6.1.6.tgz#ac2e723e74b951875fe2c0c3433405c2b098c3e6"
  dependencies:
    fast-equals "^3.0.1"
    micro-memoize "^4.1.2"

moment-timezone@^0.5.34:
  version "0.5.48"
  resolved "https://registry.npmmirror.com/moment-timezone/-/moment-timezone-0.5.48.tgz#111727bb274734a518ae154b5ca589283f058967"
  dependencies:
    moment "^2.29.4"

moment@^2.29.1, moment@^2.29.4:
  version "2.30.1"
  resolved "https://registry.npmmirror.com/moment/-/moment-2.30.1.tgz#f8c91c07b7a786e30c59926df530b4eac96974ae"

morgan@^1.9.0:
  version "1.9.1"
  resolved "https://r.cnpmjs.org/morgan/download/morgan-1.9.1.tgz#0a8d16734a1d9afbc824b99df87e738e58e2da59"
  dependencies:
    basic-auth "~2.0.0"
    debug "2.6.9"
    depd "~1.1.2"
    on-finished "~2.3.0"
    on-headers "~1.0.1"

ms@2.0.0:
  version "2.0.0"
  resolved "https://r.cnpmjs.org/ms/download/ms-2.0.0.tgz#5608aeadfc00be6c2901df5f9861788de0d597c8"

ms@2.1.1:
  version "2.1.1"
  resolved "https://r.cnpmjs.org/ms/download/ms-2.1.1.tgz#30a5864eb3ebb0a66f2ebe6d727af06a09d86e0a"

ms@^2.1.1:
  version "2.1.2"
  resolved "https://r.cnpmjs.org/ms/download/ms-2.1.2.tgz#d09d1f357b443f493382a8eb3ccd183872ae6009"

ms@^2.1.3:
  version "2.1.3"
  resolved "https://registry.npmmirror.com/ms/-/ms-2.1.3.tgz#574c8138ce1d2b5861f0b44579dbadd60c6615b2"

negotiator@0.6.2:
  version "0.6.2"
  resolved "https://r.cnpmjs.org/negotiator/download/negotiator-0.6.2.tgz#feacf7ccf525a77ae9634436a64883ffeca346fb"

nib@^1.1.2:
  version "1.1.2"
  resolved "https://r.cnpmjs.org/nib/download/nib-1.1.2.tgz#6a69ede4081b95c0def8be024a4c8ae0c2cbb6c7"
  dependencies:
    stylus "0.54.5"

no-case@^3.0.4:
  version "3.0.4"
  resolved "https://registry.npmmirror.com/no-case/-/no-case-3.0.4.tgz#d361fd5c9800f558551a8369fc0dcd4662b6124d"
  dependencies:
    lower-case "^2.0.2"
    tslib "^2.0.3"

normalize-path@^3.0.0, normalize-path@~3.0.0:
  version "3.0.0"
  resolved "https://r.cnpmjs.org/normalize-path/download/normalize-path-3.0.0.tgz#0dcd69ff23a1c9b11fd0978316644a0388216a65"

nunjucks@^3.0.0, nunjucks@^3.2.3:
  version "3.2.4"
  resolved "https://registry.npmmirror.com/nunjucks/-/nunjucks-3.2.4.tgz#f0878eef528ce7b0aa35d67cc6898635fd74649e"
  dependencies:
    a-sync-waterfall "^1.0.0"
    asap "^2.0.3"
    commander "^5.1.0"

nwsapi@^2.2.12:
  version "2.2.21"
  resolved "https://registry.npmmirror.com/nwsapi/-/nwsapi-2.2.21.tgz#8df7797079350adda208910d8c33fc4c2d7520c3"

object-assign@^2.0.0:
  version "2.1.1"
  resolved "https://r.cnpmjs.org/object-assign/download/object-assign-2.1.1.tgz#43c36e5d569ff8e4816c4efa8be02d26967c18aa"

object-assign@^4.0.1, object-assign@^4.1.1:
  version "4.1.1"
  resolved "https://r.cnpmjs.org/object-assign/download/object-assign-4.1.1.tgz#2109adc7965887cfc05cbbd442cac8bfbb360863"

on-finished@~2.3.0:
  version "2.3.0"
  resolved "https://r.cnpmjs.org/on-finished/download/on-finished-2.3.0.tgz#20f1336481b083cd75337992a16971aa2d906947"
  dependencies:
    ee-first "1.1.1"

on-headers@~1.0.1, on-headers@~1.0.2:
  version "1.0.2"
  resolved "https://r.cnpmjs.org/on-headers/download/on-headers-1.0.2.tgz#772b0ae6aaa525c399e489adfad90c403eb3c28f"

once@^1.3.0:
  version "1.4.0"
  resolved "https://r.cnpmjs.org/once/download/once-1.4.0.tgz#583b1aa775961d4b113ac17d9c50baef9dd76bd1"
  dependencies:
    wrappy "1"

opn@^5.3.0:
  version "5.5.0"
  resolved "https://r.cnpmjs.org/opn/download/opn-5.5.0.tgz#fc7164fab56d235904c51c3b27da6758ca3b9bfc"
  dependencies:
    is-wsl "^1.1.0"

parse5@^7.1.2:
  version "7.3.0"
  resolved "https://registry.npmmirror.com/parse5/-/parse5-7.3.0.tgz#d7e224fa72399c7a175099f45fc2ad024b05ec05"
  dependencies:
    entities "^6.0.0"

parseurl@~1.3.3:
  version "1.3.3"
  resolved "https://r.cnpmjs.org/parseurl/download/parseurl-1.3.3.tgz#9da19e7bee8d12dff0513ed5b76957793bc2e8d4"

pascal-case@^3.1.2:
  version "3.1.2"
  resolved "https://registry.npmmirror.com/pascal-case/-/pascal-case-3.1.2.tgz#b48e0ef2b98e205e7c1dae747d0b1508237660eb"
  dependencies:
    no-case "^3.0.4"
    tslib "^2.0.3"

path-is-absolute@^1.0.0:
  version "1.0.1"
  resolved "https://r.cnpmjs.org/path-is-absolute/download/path-is-absolute-1.0.1.tgz#174b9268735534ffbc7ace6bf53a5a9e1b5c5f5f"

path-key@^3.1.0:
  version "3.1.1"
  resolved "https://registry.npmmirror.com/path-key/-/path-key-3.1.1.tgz#581f6ade658cbba65a0d3380de7753295054f375"

path-parse@^1.0.7:
  version "1.0.7"
  resolved "https://registry.npmmirror.com/path-parse/-/path-parse-1.0.7.tgz#fbc114b60ca42b30d9daf5858e4bd68bbedb6735"

picocolors@^1.0.0:
  version "1.1.1"
  resolved "https://registry.npmmirror.com/picocolors/-/picocolors-1.1.1.tgz#3d321af3eab939b083c8f929a1d12cda81c26b6b"

picomatch@^2.0.4, picomatch@^2.2.1, picomatch@^2.3.1:
  version "2.3.1"
  resolved "https://registry.npmmirror.com/picomatch/-/picomatch-2.3.1.tgz#3ba3833733646d9d3e4995946c1365a67fb07a42"

pretty-hrtime@^1.0.3:
  version "1.0.3"
  resolved "https://r.cnpmjs.org/pretty-hrtime/download/pretty-hrtime-1.0.3.tgz#b7e3ea42435a4c9b2759d99e0f201eb195802ee1"

prismjs@^1.29.0:
  version "1.30.0"
  resolved "https://registry.npmmirror.com/prismjs/-/prismjs-1.30.0.tgz#d9709969d9d4e16403f6f348c63553b19f0975a9"

punycode@^2.3.1:
  version "2.3.1"
  resolved "https://registry.npmmirror.com/punycode/-/punycode-2.3.1.tgz#027422e2faec0b25e1549c3e1bd8309b9133b6e5"

range-parser@~1.2.1:
  version "1.2.1"
  resolved "https://r.cnpmjs.org/range-parser/download/range-parser-1.2.1.tgz#3cf37023d199e1c24d1a55b84800c2f3e6468031"

readable-stream@3:
  version "3.6.2"
  resolved "https://registry.npmmirror.com/readable-stream/-/readable-stream-3.6.2.tgz#56a9b36ea965c00c5a93ef31eb111a0f11056967"
  dependencies:
    inherits "^2.0.3"
    string_decoder "^1.1.1"
    util-deprecate "^1.0.1"

readdirp@~3.6.0:
  version "3.6.0"
  resolved "https://registry.npmmirror.com/readdirp/-/readdirp-3.6.0.tgz#74a370bd857116e245b29cc97340cd431a02a6c7"
  dependencies:
    picomatch "^2.2.1"

resolve-url@^0.2.1:
  version "0.2.1"
  resolved "https://r.cnpmjs.org/resolve-url/download/resolve-url-0.2.1.tgz#2c637fe77c893afd2a663fe21aa9080068e2052a"

resolve@^1.20.0, resolve@^1.22.0:
  version "1.22.10"
  resolved "https://registry.npmmirror.com/resolve/-/resolve-1.22.10.tgz#b663e83ffb09bbf2386944736baae803029b8b39"
  dependencies:
    is-core-module "^2.16.0"
    path-parse "^1.0.7"
    supports-preserve-symlinks-flag "^1.0.0"

rfdc@^1.3.0:
  version "1.4.1"
  resolved "https://registry.npmmirror.com/rfdc/-/rfdc-1.4.1.tgz#778f76c4fb731d93414e8f925fbecf64cce7f6ca"

rrweb-cssom@^0.7.1:
  version "0.7.1"
  resolved "https://registry.npmmirror.com/rrweb-cssom/-/rrweb-cssom-0.7.1.tgz#c73451a484b86dd7cfb1e0b2898df4b703183e4b"

rrweb-cssom@^0.8.0:
  version "0.8.0"
  resolved "https://registry.npmmirror.com/rrweb-cssom/-/rrweb-cssom-0.8.0.tgz#3021d1b4352fbf3b614aaeed0bc0d5739abe0bc2"

safe-buffer@5.1.2:
  version "5.1.2"
  resolved "https://r.cnpmjs.org/safe-buffer/download/safe-buffer-5.1.2.tgz#991ec69d296e0313747d59bdfd2b745c35f8828d"

safe-buffer@~5.2.0:
  version "5.2.0"
  resolved "https://r.cnpmjs.org/safe-buffer/download/safe-buffer-5.2.0.tgz#b74daec49b1148f88c64b68d49b1e815c1f2f519"

"safer-buffer@>= 2.1.2 < 3.0.0", safer-buffer@^2.1.2:
  version "2.1.2"
  resolved "https://registry.npmmirror.com/safer-buffer/-/safer-buffer-2.1.2.tgz#44fa161b0187b9549dd84bb91802f9bd8385cd6a"

sax@0.5.x:
  version "0.5.8"
  resolved "https://r.cnpmjs.org/sax/download/sax-0.5.8.tgz#d472db228eb331c2506b0e8c15524adb939d12c1"

sax@~1.2.4:
  version "1.2.4"
  resolved "https://r.cnpmjs.org/sax/download/sax-1.2.4.tgz#2816234e2378bddc4e5354fab5caa895df7100d9"

saxes@^6.0.0:
  version "6.0.0"
  resolved "https://registry.npmmirror.com/saxes/-/saxes-6.0.0.tgz#fe5b4a4768df4f14a201b1ba6a65c1f3d9988cc5"
  dependencies:
    xmlchars "^2.2.0"

semver@^6.0.0:
  version "6.3.0"
  resolved "https://r.cnpmjs.org/semver/download/semver-6.3.0.tgz#ee0a64c8af5e8ceea67687b133761e1becbd1d3d"

send@0.17.1:
  version "0.17.1"
  resolved "https://r.cnpmjs.org/send/download/send-0.17.1.tgz#c1d8b059f7900f7466dd4938bdc44e11ddb376c8"
  dependencies:
    debug "2.6.9"
    depd "~1.1.2"
    destroy "~1.0.4"
    encodeurl "~1.0.2"
    escape-html "~1.0.3"
    etag "~1.8.1"
    fresh "0.5.2"
    http-errors "~1.7.2"
    mime "1.6.0"
    ms "2.1.1"
    on-finished "~2.3.0"
    range-parser "~1.2.1"
    statuses "~1.5.0"

serve-static@^1.13.2:
  version "1.14.1"
  resolved "https://r.cnpmjs.org/serve-static/download/serve-static-1.14.1.tgz#666e636dc4f010f7ef29970a88a674320898b2f9"
  dependencies:
    encodeurl "~1.0.2"
    escape-html "~1.0.3"
    parseurl "~1.3.3"
    send "0.17.1"

setprototypeof@1.1.1:
  version "1.1.1"
  resolved "https://r.cnpmjs.org/setprototypeof/download/setprototypeof-1.1.1.tgz#7e95acb24aa92f5885e0abef5ba131330d4ae683"

shebang-command@^2.0.0:
  version "2.0.0"
  resolved "https://registry.npmmirror.com/shebang-command/-/shebang-command-2.0.0.tgz#ccd0af4f8835fbdc265b82461aaf0c36663f34ea"
  dependencies:
    shebang-regex "^3.0.0"

shebang-regex@^3.0.0:
  version "3.0.0"
  resolved "https://registry.npmmirror.com/shebang-regex/-/shebang-regex-3.0.0.tgz#ae16f1644d873ecad843b0307b143362d4c42172"

source-map-resolve@^0.5.2:
  version "0.5.2"
  resolved "https://r.cnpmjs.org/source-map-resolve/download/source-map-resolve-0.5.2.tgz#72e2cc34095543e43b2c62b2c4c10d4a9054f259"
  dependencies:
    atob "^2.1.1"
    decode-uri-component "^0.2.0"
    resolve-url "^0.2.1"
    source-map-url "^0.4.0"
    urix "^0.1.0"

source-map-url@^0.4.0:
  version "0.4.0"
  resolved "https://r.cnpmjs.org/source-map-url/download/source-map-url-0.4.0.tgz#3e935d7ddd73631b97659956d55128e87b5084a3"

source-map@0.1.x:
  version "0.1.43"
  resolved "https://r.cnpmjs.org/source-map/download/source-map-0.1.43.tgz#c24bc146ca517c1471f5dacbe2571b2b7f9e3346"
  dependencies:
    amdefine ">=0.0.4"

source-map@^0.6.1:
  version "0.6.1"
  resolved "https://r.cnpmjs.org/source-map/download/source-map-0.6.1.tgz#74722af32e9614e9c287a8d0bbde48b5e2f1a263"

source-map@^0.7.3:
  version "0.7.3"
  resolved "https://r.cnpmjs.org/source-map/download/source-map-0.7.3.tgz#5302f8169031735226544092e64981f751750383"

sprintf-js@^1.1.2:
  version "1.1.3"
  resolved "https://registry.npmmirror.com/sprintf-js/-/sprintf-js-1.1.3.tgz#4914b903a2f8b685d17fdf78a70e917e872e444a"

"statuses@>= 1.5.0 < 2", statuses@~1.5.0:
  version "1.5.0"
  resolved "https://r.cnpmjs.org/statuses/download/statuses-1.5.0.tgz#161c7dac177659fd9811f43771fa99381478628c"

string_decoder@^1.1.1:
  version "1.3.0"
  resolved "https://r.cnpmjs.org/string_decoder/download/string_decoder-1.3.0.tgz#42f114594a46cf1a8e30b0a84f56c78c3edac21e"
  dependencies:
    safe-buffer "~5.2.0"

strip-ansi@^3.0.0:
  version "3.0.1"
  resolved "https://r.cnpmjs.org/strip-ansi/download/strip-ansi-3.0.1.tgz#6a385fb8853d952d5ff05d0e8aaf94278dc63dcf"
  dependencies:
    ansi-regex "^2.0.0"

strip-ansi@^6.0.0:
  version "6.0.1"
  resolved "https://registry.npmmirror.com/strip-ansi/-/strip-ansi-6.0.1.tgz#9e26c63d30f53443e9489495b2105d37b67a85d9"
  dependencies:
    ansi-regex "^5.0.1"

strip-indent@^3.0.0:
  version "3.0.0"
  resolved "https://registry.npmmirror.com/strip-indent/-/strip-indent-3.0.0.tgz#c32e1cee940b6b3432c771bc2c54bcce73cd3001"
  dependencies:
    min-indent "^1.0.0"

stylus@0.54.5:
  version "0.54.5"
  resolved "https://r.cnpmjs.org/stylus/download/stylus-0.54.5.tgz#42b9560931ca7090ce8515a798ba9e6aa3d6dc79"
  dependencies:
    css-parse "1.7.x"
    debug "*"
    glob "7.0.x"
    mkdirp "0.5.x"
    sax "0.5.x"
    source-map "0.1.x"

stylus@^0.54.5:
  version "0.54.7"
  resolved "https://r.cnpmjs.org/stylus/download/stylus-0.54.7.tgz#c6ce4793965ee538bcebe50f31537bfc04d88cd2"
  dependencies:
    css-parse "~2.0.0"
    debug "~3.1.0"
    glob "^7.1.3"
    mkdirp "~0.5.x"
    safer-buffer "^2.1.2"
    sax "~1.2.4"
    semver "^6.0.0"
    source-map "^0.7.3"

supports-color@^2.0.0:
  version "2.0.0"
  resolved "https://r.cnpmjs.org/supports-color/download/supports-color-2.0.0.tgz#535d045ce6b6363fa40117084629995e9df324c7"

supports-preserve-symlinks-flag@^1.0.0:
  version "1.0.0"
  resolved "https://registry.npmmirror.com/supports-preserve-symlinks-flag/-/supports-preserve-symlinks-flag-1.0.0.tgz#6eda4bd344a3c94aea376d4cc31bc77311039e09"

symbol-tree@^3.2.4:
  version "3.2.4"
  resolved "https://registry.npmmirror.com/symbol-tree/-/symbol-tree-3.2.4.tgz#430637d248ba77e078883951fb9aa0eed7c63fa2"

text-table@^0.2.0:
  version "0.2.0"
  resolved "https://r.cnpmjs.org/text-table/download/text-table-0.2.0.tgz#7f5ee823ae805207c00af2df4a84ec3fcfa570b4"

through2@^4.0.2:
  version "4.0.2"
  resolved "https://registry.npmmirror.com/through2/-/through2-4.0.2.tgz#a7ce3ac2a7a8b0b966c80e7c49f0484c3b239764"
  dependencies:
    readable-stream "3"

tildify@^2.0.0:
  version "2.0.0"
  resolved "https://registry.npmmirror.com/tildify/-/tildify-2.0.0.tgz#f205f3674d677ce698b7067a99e949ce03b4754a"

titlecase@^1.1.3:
  version "1.1.3"
  resolved "https://registry.npmmirror.com/titlecase/-/titlecase-1.1.3.tgz#fc6d65ff582b0602410768ef1a09b70506313dc3"

tldts-core@^6.1.86:
  version "6.1.86"
  resolved "https://registry.npmmirror.com/tldts-core/-/tldts-core-6.1.86.tgz#a93e6ed9d505cb54c542ce43feb14c73913265d8"

tldts@^6.1.32:
  version "6.1.86"
  resolved "https://registry.npmmirror.com/tldts/-/tldts-6.1.86.tgz#087e0555b31b9725ee48ca7e77edc56115cd82f7"
  dependencies:
    tldts-core "^6.1.86"

to-regex-range@^5.0.1:
  version "5.0.1"
  resolved "https://registry.npmmirror.com/to-regex-range/-/to-regex-range-5.0.1.tgz#1648c44aae7c8d988a326018ed72f5b4dd0392e4"
  dependencies:
    is-number "^7.0.0"

toidentifier@1.0.0:
  version "1.0.0"
  resolved "https://r.cnpmjs.org/toidentifier/download/toidentifier-1.0.0.tgz#7e1be3470f1e77948bc43d94a3c8f4d7752ba553"

tough-cookie@^5.0.0:
  version "5.1.2"
  resolved "https://registry.npmmirror.com/tough-cookie/-/tough-cookie-5.1.2.tgz#66d774b4a1d9e12dc75089725af3ac75ec31bed7"
  dependencies:
    tldts "^6.1.32"

tr46@^5.1.0:
  version "5.1.1"
  resolved "https://registry.npmmirror.com/tr46/-/tr46-5.1.1.tgz#96ae867cddb8fdb64a49cc3059a8d428bcf238ca"
  dependencies:
    punycode "^2.3.1"

tslib@^2.0.3:
  version "2.8.1"
  resolved "https://registry.npmmirror.com/tslib/-/tslib-2.8.1.tgz#612efe4ed235d567e8aba5f2a5fab70280ade83f"

unpipe@~1.0.0:
  version "1.0.0"
  resolved "https://r.cnpmjs.org/unpipe/download/unpipe-1.0.0.tgz#b2bf4ee8514aae6165b4817829d21b2ef49904ec"

urix@^0.1.0:
  version "0.1.0"
  resolved "https://r.cnpmjs.org/urix/download/urix-0.1.0.tgz#da937f7a62e21fec1fd18d49b35c2935067a6c72"

util-deprecate@^1.0.1:
  version "1.0.2"
  resolved "https://r.cnpmjs.org/util-deprecate/download/util-deprecate-1.0.2.tgz#450d4dc9fa70de732762fbd2d4a28981419a0ccf"

utils-merge@1.0.1, utils-merge@^1.0.0:
  version "1.0.1"
  resolved "https://r.cnpmjs.org/utils-merge/download/utils-merge-1.0.1.tgz#9f95710f50a267947b2ccc124741c1028427e713"

vary@~1.1.2:
  version "1.1.2"
  resolved "https://r.cnpmjs.org/vary/download/vary-1.1.2.tgz#2299f02c6ded30d4a5961b0b9f74524a18f634fc"

w3c-xmlserializer@^5.0.0:
  version "5.0.0"
  resolved "https://registry.npmmirror.com/w3c-xmlserializer/-/w3c-xmlserializer-5.0.0.tgz#f925ba26855158594d907313cedd1476c5967f6c"
  dependencies:
    xml-name-validator "^5.0.0"

warehouse@^5.0.1:
  version "5.0.1"
  resolved "https://registry.npmmirror.com/warehouse/-/warehouse-5.0.1.tgz#4062c9c5d6c84f245532923a23ecb4b5441024a5"
  dependencies:
    bluebird "^3.7.2"
    cuid "^2.1.8"
    graceful-fs "^4.2.10"
    hexo-log "^4.0.1"
    is-plain-object "^5.0.0"
    jsonparse "^1.3.1"
    rfdc "^1.3.0"
    through2 "^4.0.2"

webidl-conversions@^7.0.0:
  version "7.0.0"
  resolved "https://registry.npmmirror.com/webidl-conversions/-/webidl-conversions-7.0.0.tgz#256b4e1882be7debbf01d05f0aa2039778ea080a"

whatwg-encoding@^3.1.1:
  version "3.1.1"
  resolved "https://registry.npmmirror.com/whatwg-encoding/-/whatwg-encoding-3.1.1.tgz#d0f4ef769905d426e1688f3e34381a99b60b76e5"
  dependencies:
    iconv-lite "0.6.3"

whatwg-mimetype@^4.0.0:
  version "4.0.0"
  resolved "https://registry.npmmirror.com/whatwg-mimetype/-/whatwg-mimetype-4.0.0.tgz#bc1bf94a985dc50388d54a9258ac405c3ca2fc0a"

whatwg-url@^14.0.0:
  version "14.2.0"
  resolved "https://registry.npmmirror.com/whatwg-url/-/whatwg-url-14.2.0.tgz#4ee02d5d725155dae004f6ae95c73e7ef5d95663"
  dependencies:
    tr46 "^5.1.0"
    webidl-conversions "^7.0.0"

which@^2.0.1:
  version "2.0.2"
  resolved "https://registry.npmmirror.com/which/-/which-2.0.2.tgz#7c6a8dd0a636a0327e10b59c9286eee93f3f51b1"
  dependencies:
    isexe "^2.0.0"

wrappy@1:
  version "1.0.2"
  resolved "https://r.cnpmjs.org/wrappy/download/wrappy-1.0.2.tgz#b5243d8f3ec1aa35f1364605bc0d1036e30ab69f"

ws@^8.18.0:
  version "8.18.3"
  resolved "https://registry.npmmirror.com/ws/-/ws-8.18.3.tgz#b56b88abffde62791c639170400c93dcb0c95472"

xml-name-validator@^5.0.0:
  version "5.0.0"
  resolved "https://registry.npmmirror.com/xml-name-validator/-/xml-name-validator-5.0.0.tgz#82be9b957f7afdacf961e5980f1bf227c0bf7673"

xmlchars@^2.2.0:
  version "2.2.0"
  resolved "https://registry.npmmirror.com/xmlchars/-/xmlchars-2.2.0.tgz#060fe1bcb7f9c76fe2a17db86a9bc3ab894210cb"
